// !$*UTF8*$!
{
	archiveVersion = 1;
	classes = {
	};
	objectVersion = 50;
	objects = {

/* Begin PBXBuildFile section */
		B0D67B32264E756700EB81B5 /* AppDelegate.swift in Sources */ = {isa = PBXBuildFile; fileRef = B0D67B31264E756700EB81B5 /* AppDelegate.swift */; };
		B0D67B34264E756700EB81B5 /* SceneDelegate.swift in Sources */ = {isa = PBXBuildFile; fileRef = B0D67B33264E756700EB81B5 /* SceneDelegate.swift */; };
		B0D67B36264E756700EB81B5 /* ViewController.swift in Sources */ = {isa = PBXBuildFile; fileRef = B0D67B35264E756700EB81B5 /* ViewController.swift */; };
		B0D67B39264E756700EB81B5 /* Main.storyboard in Resources */ = {isa = PBXBuildFile; fileRef = B0D67B37264E756700EB81B5 /* Main.storyboard */; };
		B0D67B3C264E756700EB81B5 /* FlashCards.xcdatamodeld in Sources */ = {isa = PBXBuildFile; fileRef = B0D67B3A264E756700EB81B5 /* FlashCards.xcdatamodeld */; };
		B0D67B3E264E756900EB81B5 /* Assets.xcassets in Resources */ = {isa = PBXBuildFile; fileRef = B0D67B3D264E756900EB81B5 /* Assets.xcassets */; };
		B0D67B41264E756900EB81B5 /* LaunchScreen.storyboard in Resources */ = {isa = PBXBuildFile; fileRef = B0D67B3F264E756900EB81B5 /* LaunchScreen.storyboard */; };
		B0D67B4C264E756900EB81B5 /* FlashCardsTests.swift in Sources */ = {isa = PBXBuildFile; fileRef = B0D67B4B264E756900EB81B5 /* FlashCardsTests.swift */; };
		B0D67B57264E756900EB81B5 /* FlashCardsUITests.swift in Sources */ = {isa = PBXBuildFile; fileRef = B0D67B56264E756900EB81B5 /* FlashCardsUITests.swift */; };
		B0D67B65264EFA1600EB81B5 /* FlashCardViewController.swift in Sources */ = {isa = PBXBuildFile; fileRef = B0D67B64264EFA1600EB81B5 /* FlashCardViewController.swift */; };
		B0D67B68264EFDE300EB81B5 /* FlashCard+CoreDataClass.swift in Sources */ = {isa = PBXBuildFile; fileRef = B0D67B66264EFDE300EB81B5 /* FlashCard+CoreDataClass.swift */; };
		B0D67B69264EFDE300EB81B5 /* FlashCard+CoreDataProperties.swift in Sources */ = {isa = PBXBuildFile; fileRef = B0D67B67264EFDE300EB81B5 /* FlashCard+CoreDataProperties.swift */; };
/* End PBXBuildFile section */

/* Begin PBXContainerItemProxy section */
		B0D67B48264E756900EB81B5 /* PBXContainerItemProxy */ = {
			isa = PBXContainerItemProxy;
			containerPortal = B0D67B26264E756700EB81B5 /* Project object */;
			proxyType = 1;
			remoteGlobalIDString = B0D67B2D264E756700EB81B5;
			remoteInfo = FlashCards;
		};
		B0D67B53264E756900EB81B5 /* PBXContainerItemProxy */ = {
			isa = PBXContainerItemProxy;
			containerPortal = B0D67B26264E756700EB81B5 /* Project object */;
			proxyType = 1;
			remoteGlobalIDString = B0D67B2D264E756700EB81B5;
			remoteInfo = FlashCards;
		};
/* End PBXContainerItemProxy section */

/* Begin PBXFileReference section */
		B0D67B2E264E756700EB81B5 /* FlashCards.app */ = {isa = PBXFileReference; explicitFileType = wrapper.application; includeInIndex = 0; path = FlashCards.app; sourceTree = BUILT_PRODUCTS_DIR; };
		B0D67B31264E756700EB81B5 /* AppDelegate.swift */ = {isa = PBXFileReference; lastKnownFileType = sourcecode.swift; path = AppDelegate.swift; sourceTree = "<group>"; };
		B0D67B33264E756700EB81B5 /* SceneDelegate.swift */ = {isa = PBXFileReference; lastKnownFileType = sourcecode.swift; path = SceneDelegate.swift; sourceTree = "<group>"; };
		B0D67B35264E756700EB81B5 /* ViewController.swift */ = {isa = PBXFileReference; lastKnownFileType = sourcecode.swift; path = ViewController.swift; sourceTree = "<group>"; };
		B0D67B38264E756700EB81B5 /* Base */ = {isa = PBXFileReference; lastKnownFileType = file.storyboard; name = Base; path = Base.lproj/Main.storyboard; sourceTree = "<group>"; };
		B0D67B3B264E756700EB81B5 /* FlashCards.xcdatamodel */ = {isa = PBXFileReference; lastKnownFileType = wrapper.xcdatamodel; path = FlashCards.xcdatamodel; sourceTree = "<group>"; };
		B0D67B3D264E756900EB81B5 /* Assets.xcassets */ = {isa = PBXFileReference; lastKnownFileType = folder.assetcatalog; path = Assets.xcassets; sourceTree = "<group>"; };
		B0D67B40264E756900EB81B5 /* Base */ = {isa = PBXFileReference; lastKnownFileType = file.storyboard; name = Base; path = Base.lproj/LaunchScreen.storyboard; sourceTree = "<group>"; };
		B0D67B42264E756900EB81B5 /* Info.plist */ = {isa = PBXFileReference; lastKnownFileType = text.plist.xml; path = Info.plist; sourceTree = "<group>"; };
		B0D67B47264E756900EB81B5 /* FlashCardsTests.xctest */ = {isa = PBXFileReference; explicitFileType = wrapper.cfbundle; includeInIndex = 0; path = FlashCardsTests.xctest; sourceTree = BUILT_PRODUCTS_DIR; };
		B0D67B4B264E756900EB81B5 /* FlashCardsTests.swift */ = {isa = PBXFileReference; lastKnownFileType = sourcecode.swift; path = FlashCardsTests.swift; sourceTree = "<group>"; };
		B0D67B4D264E756900EB81B5 /* Info.plist */ = {isa = PBXFileReference; lastKnownFileType = text.plist.xml; path = Info.plist; sourceTree = "<group>"; };
		B0D67B52264E756900EB81B5 /* FlashCardsUITests.xctest */ = {isa = PBXFileReference; explicitFileType = wrapper.cfbundle; includeInIndex = 0; path = FlashCardsUITests.xctest; sourceTree = BUILT_PRODUCTS_DIR; };
		B0D67B56264E756900EB81B5 /* FlashCardsUITests.swift */ = {isa = PBXFileReference; lastKnownFileType = sourcecode.swift; path = FlashCardsUITests.swift; sourceTree = "<group>"; };
		B0D67B58264E756900EB81B5 /* Info.plist */ = {isa = PBXFileReference; lastKnownFileType = text.plist.xml; path = Info.plist; sourceTree = "<group>"; };
		B0D67B64264EFA1600EB81B5 /* FlashCardViewController.swift */ = {isa = PBXFileReference; lastKnownFileType = sourcecode.swift; name = FlashCardViewController.swift; path = ../../FlashCardViewController.swift; sourceTree = "<group>"; };
		B0D67B66264EFDE300EB81B5 /* FlashCard+CoreDataClass.swift */ = {isa = PBXFileReference; lastKnownFileType = sourcecode.swift; path = "FlashCard+CoreDataClass.swift"; sourceTree = "<group>"; };
		B0D67B67264EFDE300EB81B5 /* FlashCard+CoreDataProperties.swift */ = {isa = PBXFileReference; lastKnownFileType = sourcecode.swift; path = "FlashCard+CoreDataProperties.swift"; sourceTree = "<group>"; };
/* End PBXFileReference section */

/* Begin PBXFrameworksBuildPhase section */
		B0D67B2B264E756700EB81B5 /* Frameworks */ = {
			isa = PBXFrameworksBuildPhase;
			buildActionMask = 2147483647;
			files = (
			);
			runOnlyForDeploymentPostprocessing = 0;
		};
		B0D67B44264E756900EB81B5 /* Frameworks */ = {
			isa = PBXFrameworksBuildPhase;
			buildActionMask = 2147483647;
			files = (
			);
			runOnlyForDeploymentPostprocessing = 0;
		};
		B0D67B4F264E756900EB81B5 /* Frameworks */ = {
			isa = PBXFrameworksBuildPhase;
			buildActionMask = 2147483647;
			files = (
			);
			runOnlyForDeploymentPostprocessing = 0;
		};
/* End PBXFrameworksBuildPhase section */

/* Begin PBXGroup section */
		B0D67B25264E756700EB81B5 = {
			isa = PBXGroup;
			children = (
				B0D67B30264E756700EB81B5 /* FlashCards */,
				B0D67B4A264E756900EB81B5 /* FlashCardsTests */,
				B0D67B55264E756900EB81B5 /* FlashCardsUITests */,
				B0D67B2F264E756700EB81B5 /* Products */,
			);
			sourceTree = "<group>";
		};
		B0D67B2F264E756700EB81B5 /* Products */ = {
			isa = PBXGroup;
			children = (
				B0D67B2E264E756700EB81B5 /* FlashCards.app */,
				B0D67B47264E756900EB81B5 /* FlashCardsTests.xctest */,
				B0D67B52264E756900EB81B5 /* FlashCardsUITests.xctest */,
			);
			name = Products;
			sourceTree = "<group>";
		};
		B0D67B30264E756700EB81B5 /* FlashCards */ = {
			isa = PBXGroup;
			children = (
				B0D67B31264E756700EB81B5 /* AppDelegate.swift */,
				B0D67B33264E756700EB81B5 /* SceneDelegate.swift */,
				B0D67B35264E756700EB81B5 /* ViewController.swift */,
				B0D67B37264E756700EB81B5 /* Main.storyboard */,
				B0D67B3D264E756900EB81B5 /* Assets.xcassets */,
				B0D67B3F264E756900EB81B5 /* LaunchScreen.storyboard */,
				B0D67B42264E756900EB81B5 /* Info.plist */,
				B0D67B3A264E756700EB81B5 /* FlashCards.xcdatamodeld */,
				B0D67B64264EFA1600EB81B5 /* FlashCardViewController.swift */,
				B0D67B66264EFDE300EB81B5 /* FlashCard+CoreDataClass.swift */,
				B0D67B67264EFDE300EB81B5 /* FlashCard+CoreDataProperties.swift */,
			);
			path = FlashCards;
			sourceTree = "<group>";
		};
		B0D67B4A264E756900EB81B5 /* FlashCardsTests */ = {
			isa = PBXGroup;
			children = (
				B0D67B4B264E756900EB81B5 /* FlashCardsTests.swift */,
				B0D67B4D264E756900EB81B5 /* Info.plist */,
			);
			path = FlashCardsTests;
			sourceTree = "<group>";
		};
		B0D67B55264E756900EB81B5 /* FlashCardsUITests */ = {
			isa = PBXGroup;
			children = (
				B0D67B56264E756900EB81B5 /* FlashCardsUITests.swift */,
				B0D67B58264E756900EB81B5 /* Info.plist */,
			);
			path = FlashCardsUITests;
			sourceTree = "<group>";
		};
/* End PBXGroup section */

/* Begin PBXNativeTarget section */
		B0D67B2D264E756700EB81B5 /* FlashCards */ = {
			isa = PBXNativeTarget;
			buildConfigurationList = B0D67B5B264E756900EB81B5 /* Build configuration list for PBXNativeTarget "FlashCards" */;
			buildPhases = (
				B0D67B2A264E756700EB81B5 /* Sources */,
				B0D67B2B264E756700EB81B5 /* Frameworks */,
				B0D67B2C264E756700EB81B5 /* Resources */,
			);
			buildRules = (
			);
			dependencies = (
			);
			name = FlashCards;
			productName = FlashCards;
			productReference = B0D67B2E264E756700EB81B5 /* FlashCards.app */;
			productType = "com.apple.product-type.application";
		};
		B0D67B46264E756900EB81B5 /* FlashCardsTests */ = {
			isa = PBXNativeTarget;
			buildConfigurationList = B0D67B5E264E756900EB81B5 /* Build configuration list for PBXNativeTarget "FlashCardsTests" */;
			buildPhases = (
				B0D67B43264E756900EB81B5 /* Sources */,
				B0D67B44264E756900EB81B5 /* Frameworks */,
				B0D67B45264E756900EB81B5 /* Resources */,
			);
			buildRules = (
			);
			dependencies = (
				B0D67B49264E756900EB81B5 /* PBXTargetDependency */,
			);
			name = FlashCardsTests;
			productName = FlashCardsTests;
			productReference = B0D67B47264E756900EB81B5 /* FlashCardsTests.xctest */;
			productType = "com.apple.product-type.bundle.unit-test";
		};
		B0D67B51264E756900EB81B5 /* FlashCardsUITests */ = {
			isa = PBXNativeTarget;
			buildConfigurationList = B0D67B61264E756900EB81B5 /* Build configuration list for PBXNativeTarget "FlashCardsUITests" */;
			buildPhases = (
				B0D67B4E264E756900EB81B5 /* Sources */,
				B0D67B4F264E756900EB81B5 /* Frameworks */,
				B0D67B50264E756900EB81B5 /* Resources */,
			);
			buildRules = (
			);
			dependencies = (
				B0D67B54264E756900EB81B5 /* PBXTargetDependency */,
			);
			name = FlashCardsUITests;
			productName = FlashCardsUITests;
			productReference = B0D67B52264E756900EB81B5 /* FlashCardsUITests.xctest */;
			productType = "com.apple.product-type.bundle.ui-testing";
		};
/* End PBXNativeTarget section */

/* Begin PBXProject section */
		B0D67B26264E756700EB81B5 /* Project object */ = {
			isa = PBXProject;
			attributes = {
				LastSwiftUpdateCheck = 1250;
				LastUpgradeCheck = 1250;
				TargetAttributes = {
					B0D67B2D264E756700EB81B5 = {
						CreatedOnToolsVersion = 12.5;
					};
					B0D67B46264E756900EB81B5 = {
						CreatedOnToolsVersion = 12.5;
						TestTargetID = B0D67B2D264E756700EB81B5;
					};
					B0D67B51264E756900EB81B5 = {
						CreatedOnToolsVersion = 12.5;
						TestTargetID = B0D67B2D264E756700EB81B5;
					};
				};
			};
			buildConfigurationList = B0D67B29264E756700EB81B5 /* Build configuration list for PBXProject "FlashCards" */;
			compatibilityVersion = "Xcode 9.3";
			developmentRegion = en;
			hasScannedForEncodings = 0;
			knownRegions = (
				en,
				Base,
			);
			mainGroup = B0D67B25264E756700EB81B5;
			productRefGroup = B0D67B2F264E756700EB81B5 /* Products */;
			projectDirPath = "";
			projectRoot = "";
			targets = (
				B0D67B2D264E756700EB81B5 /* FlashCards */,
				B0D67B46264E756900EB81B5 /* FlashCardsTests */,
				B0D67B51264E756900EB81B5 /* FlashCardsUITests */,
			);
		};
/* End PBXProject section */

/* Begin PBXResourcesBuildPhase section */
		B0D67B2C264E756700EB81B5 /* Resources */ = {
			isa = PBXResourcesBuildPhase;
			buildActionMask = 2147483647;
			files = (
				B0D67B41264E756900EB81B5 /* LaunchScreen.storyboard in Resources */,
				B0D67B3E264E756900EB81B5 /* Assets.xcassets in Resources */,
				B0D67B39264E756700EB81B5 /* Main.storyboard in Resources */,
			);
			runOnlyForDeploymentPostprocessing = 0;
		};
		B0D67B45264E756900EB81B5 /* Resources */ = {
			isa = PBXResourcesBuildPhase;
			buildActionMask = 2147483647;
			files = (
			);
			runOnlyForDeploymentPostprocessing = 0;
		};
		B0D67B50264E756900EB81B5 /* Resources */ = {
			isa = PBXResourcesBuildPhase;
			buildActionMask = 2147483647;
			files = (
			);
			runOnlyForDeploymentPostprocessing = 0;
		};
/* End PBXResourcesBuildPhase section */

/* Begin PBXSourcesBuildPhase section */
		B0D67B2A264E756700EB81B5 /* Sources */ = {
			isa = PBXSourcesBuildPhase;
			buildActionMask = 2147483647;
			files = (
				B0D67B69264EFDE300EB81B5 /* FlashCard+CoreDataProperties.swift in Sources */,
				B0D67B36264E756700EB81B5 /* ViewController.swift in Sources */,
				B0D67B32264E756700EB81B5 /* AppDelegate.swift in Sources */,
				B0D67B3C264E756700EB81B5 /* FlashCards.xcdatamodeld in Sources */,
				B0D67B34264E756700EB81B5 /* SceneDelegate.swift in Sources */,
				B0D67B68264EFDE300EB81B5 /* FlashCard+CoreDataClass.swift in Sources */,
				B0D67B65264EFA1600EB81B5 /* FlashCardViewController.swift in Sources */,
			);
			runOnlyForDeploymentPostprocessing = 0;
		};
		B0D67B43264E756900EB81B5 /* Sources */ = {
			isa = PBXSourcesBuildPhase;
			buildActionMask = 2147483647;
			files = (
				B0D67B4C264E756900EB81B5 /* FlashCardsTests.swift in Sources */,
			);
			runOnlyForDeploymentPostprocessing = 0;
		};
		B0D67B4E264E756900EB81B5 /* Sources */ = {
			isa = PBXSourcesBuildPhase;
			buildActionMask = 2147483647;
			files = (
				B0D67B57264E756900EB81B5 /* FlashCardsUITests.swift in Sources */,
			);
			runOnlyForDeploymentPostprocessing = 0;
		};
/* End PBXSourcesBuildPhase section */

/* Begin PBXTargetDependency section */
		B0D67B49264E756900EB81B5 /* PBXTargetDependency */ = {
			isa = PBXTargetDependency;
			target = B0D67B2D264E756700EB81B5 /* FlashCards */;
			targetProxy = B0D67B48264E756900EB81B5 /* PBXContainerItemProxy */;
		};
		B0D67B54264E756900EB81B5 /* PBXTargetDependency */ = {
			isa = PBXTargetDependency;
			target = B0D67B2D264E756700EB81B5 /* FlashCards */;
			targetProxy = B0D67B53264E756900EB81B5 /* PBXContainerItemProxy */;
		};
/* End PBXTargetDependency section */

/* Begin PBXVariantGroup section */
		B0D67B37264E756700EB81B5 /* Main.storyboard */ = {
			isa = PBXVariantGroup;
			children = (
				B0D67B38264E756700EB81B5 /* Base */,
			);
			name = Main.storyboard;
			sourceTree = "<group>";
		};
		B0D67B3F264E756900EB81B5 /* LaunchScreen.storyboard */ = {
			isa = PBXVariantGroup;
			children = (
				B0D67B40264E756900EB81B5 /* Base */,
			);
			name = LaunchScreen.storyboard;
			sourceTree = "<group>";
		};
/* End PBXVariantGroup section */

/* Begin XCBuildConfiguration section */
		B0D67B59264E756900EB81B5 /* Debug */ = {
			isa = XCBuildConfiguration;
			buildSettings = {
				ALWAYS_SEARCH_USER_PATHS = NO;
				CLANG_ANALYZER_NONNULL = YES;
				CLANG_ANALYZER_NUMBER_OBJECT_CONVERSION = YES_AGGRESSIVE;
				CLANG_CXX_LANGUAGE_STANDARD = "gnu++14";
				CLANG_CXX_LIBRARY = "libc++";
				CLANG_ENABLE_MODULES = YES;
				CLANG_ENABLE_OBJC_ARC = YES;
				CLANG_ENABLE_OBJC_WEAK = YES;
				CLANG_WARN_BLOCK_CAPTURE_AUTORELEASING = YES;
				CLANG_WARN_BOOL_CONVERSION = YES;
				CLANG_WARN_COMMA = YES;
				CLANG_WARN_CONSTANT_CONVERSION = YES;
				CLANG_WARN_DEPRECATED_OBJC_IMPLEMENTATIONS = YES;
				CLANG_WARN_DIRECT_OBJC_ISA_USAGE = YES_ERROR;
				CLANG_WARN_DOCUMENTATION_COMMENTS = YES;
				CLANG_WARN_EMPTY_BODY = YES;
				CLANG_WARN_ENUM_CONVERSION = YES;
				CLANG_WARN_INFINITE_RECURSION = YES;
				CLANG_WARN_INT_CONVERSION = YES;
				CLANG_WARN_NON_LITERAL_NULL_CONVERSION = YES;
				CLANG_WARN_OBJC_IMPLICIT_RETAIN_SELF = YES;
				CLANG_WARN_OBJC_LITERAL_CONVERSION = YES;
				CLANG_WARN_OBJC_ROOT_CLASS = YES_ERROR;
				CLANG_WARN_QUOTED_INCLUDE_IN_FRAMEWORK_HEADER = YES;
				CLANG_WARN_RANGE_LOOP_ANALYSIS = YES;
				CLANG_WARN_STRICT_PROTOTYPES = YES;
				CLANG_WARN_SUSPICIOUS_MOVE = YES;
				CLANG_WARN_UNGUARDED_AVAILABILITY = YES_AGGRESSIVE;
				CLANG_WARN_UNREACHABLE_CODE = YES;
				CLANG_WARN__DUPLICATE_METHOD_MATCH = YES;
				COPY_PHASE_STRIP = NO;
				DEBUG_INFORMATION_FORMAT = dwarf;
				ENABLE_STRICT_OBJC_MSGSEND = YES;
				ENABLE_TESTABILITY = YES;
				GCC_C_LANGUAGE_STANDARD = gnu11;
				GCC_DYNAMIC_NO_PIC = NO;
				GCC_NO_COMMON_BLOCKS = YES;
				GCC_OPTIMIZATION_LEVEL = 0;
				GCC_PREPROCESSOR_DEFINITIONS = (
					"DEBUG=1",
					"$(inherited)",
				);
				GCC_WARN_64_TO_32_BIT_CONVERSION = YES;
				GCC_WARN_ABOUT_RETURN_TYPE = YES_ERROR;
				GCC_WARN_UNDECLARED_SELECTOR = YES;
				GCC_WARN_UNINITIALIZED_AUTOS = YES_AGGRESSIVE;
				GCC_WARN_UNUSED_FUNCTION = YES;
				GCC_WARN_UNUSED_VARIABLE = YES;
				IPHONEOS_DEPLOYMENT_TARGET = 14.5;
				MTL_ENABLE_DEBUG_INFO = INCLUDE_SOURCE;
				MTL_FAST_MATH = YES;
				ONLY_ACTIVE_ARCH = YES;
				SDKROOT = iphoneos;
				SWIFT_ACTIVE_COMPILATION_CONDITIONS = DEBUG;
				SWIFT_OPTIMIZATION_LEVEL = "-Onone";
			};
			name = Debug;
		};
		B0D67B5A264E756900EB81B5 /* Release */ = {
			isa = XCBuildConfiguration;
			buildSettings = {
				ALWAYS_SEARCH_USER_PATHS = NO;
				CLANG_ANALYZER_NONNULL = YES;
				CLANG_ANALYZER_NUMBER_OBJECT_CONVERSION = YES_AGGRESSIVE;
				CLANG_CXX_LANGUAGE_STANDARD = "gnu++14";
				CLANG_CXX_LIBRARY = "libc++";
				CLANG_ENABLE_MODULES = YES;
				CLANG_ENABLE_OBJC_ARC = YES;
				CLANG_ENABLE_OBJC_WEAK = YES;
				CLANG_WARN_BLOCK_CAPTURE_AUTORELEASING = YES;
				CLANG_WARN_BOOL_CONVERSION = YES;
				CLANG_WARN_COMMA = YES;
				CLANG_WARN_CONSTANT_CONVERSION = YES;
				CLANG_WARN_DEPRECATED_OBJC_IMPLEMENTATIONS = YES;
				CLANG_WARN_DIRECT_OBJC_ISA_USAGE = YES_ERROR;
				CLANG_WARN_DOCUMENTATION_COMMENTS = YES;
				CLANG_WARN_EMPTY_BODY = YES;
				CLANG_WARN_ENUM_CONVERSION = YES;
				CLANG_WARN_INFINITE_RECURSION = YES;
				CLANG_WARN_INT_CONVERSION = YES;
				CLANG_WARN_NON_LITERAL_NULL_CONVERSION = YES;
				CLANG_WARN_OBJC_IMPLICIT_RETAIN_SELF = YES;
				CLANG_WARN_OBJC_LITERAL_CONVERSION = YES;
				CLANG_WARN_OBJC_ROOT_CLASS = YES_ERROR;
				CLANG_WARN_QUOTED_INCLUDE_IN_FRAMEWORK_HEADER = YES;
				CLANG_WARN_RANGE_LOOP_ANALYSIS = YES;
				CLANG_WARN_STRICT_PROTOTYPES = YES;
				CLANG_WARN_SUSPICIOUS_MOVE = YES;
				CLANG_WARN_UNGUARDED_AVAILABILITY = YES_AGGRESSIVE;
				CLANG_WARN_UNREACHABLE_CODE = YES;
				CLANG_WARN__DUPLICATE_METHOD_MATCH = YES;
				COPY_PHASE_STRIP = NO;
				DEBUG_INFORMATION_FORMAT = "dwarf-with-dsym";
				ENABLE_NS_ASSERTIONS = NO;
				ENABLE_STRICT_OBJC_MSGSEND = YES;
				GCC_C_LANGUAGE_STANDARD = gnu11;
				GCC_NO_COMMON_BLOCKS = YES;
				GCC_WARN_64_TO_32_BIT_CONVERSION = YES;
				GCC_WARN_ABOUT_RETURN_TYPE = YES_ERROR;
				GCC_WARN_UNDECLARED_SELECTOR = YES;
				GCC_WARN_UNINITIALIZED_AUTOS = YES_AGGRESSIVE;
				GCC_WARN_UNUSED_FUNCTION = YES;
				GCC_WARN_UNUSED_VARIABLE = YES;
				IPHONEOS_DEPLOYMENT_TARGET = 14.5;
				MTL_ENABLE_DEBUG_INFO = NO;
				MTL_FAST_MATH = YES;
				SDKROOT = iphoneos;
				SWIFT_COMPILATION_MODE = wholemodule;
				SWIFT_OPTIMIZATION_LEVEL = "-O";
				VALIDATE_PRODUCT = YES;
			};
			name = Release;
		};
		B0D67B5C264E756900EB81B5 /* Debug */ = {
			isa = XCBuildConfiguration;
			buildSettings = {
				ASSETCATALOG_COMPILER_APPICON_NAME = AppIcon;
				ASSETCATALOG_COMPILER_GLOBAL_ACCENT_COLOR_NAME = AccentColor;
				CODE_SIGN_STYLE = Automatic;
				DEVELOPMENT_TEAM = 2K99MAJ5SH;
				INFOPLIST_FILE = FlashCards/Info.plist;
				LD_RUNPATH_SEARCH_PATHS = (
					"$(inherited)",
					"@executable_path/Frameworks",
				);
				PRODUCT_BUNDLE_IDENTIFIER = "bubbly-boey.FlashCards";
				PRODUCT_NAME = "$(TARGET_NAME)";
				SWIFT_VERSION = 5.0;
				TARGETED_DEVICE_FAMILY = "1,2";
			};
			name = Debug;
		};
		B0D67B5D264E756900EB81B5 /* Release */ = {
			isa = XCBuildConfiguration;
			buildSettings = {
				ASSETCATALOG_COMPILER_APPICON_NAME = AppIcon;
				ASSETCATALOG_COMPILER_GLOBAL_ACCENT_COLOR_NAME = AccentColor;
				CODE_SIGN_STYLE = Automatic;
				DEVELOPMENT_TEAM = 2K99MAJ5SH;
				INFOPLIST_FILE = FlashCards/Info.plist;
				LD_RUNPATH_SEARCH_PATHS = (
					"$(inherited)",
					"@executable_path/Frameworks",
				);
				PRODUCT_BUNDLE_IDENTIFIER = "bubbly-boey.FlashCards";
				PRODUCT_NAME = "$(TARGET_NAME)";
				SWIFT_VERSION = 5.0;
				TARGETED_DEVICE_FAMILY = "1,2";
			};
			name = Release;
		};
		B0D67B5F264E756900EB81B5 /* Debug */ = {
			isa = XCBuildConfiguration;
			buildSettings = {
				ALWAYS_EMBED_SWIFT_STANDARD_LIBRARIES = YES;
				BUNDLE_LOADER = "$(TEST_HOST)";
				CODE_SIGN_STYLE = Automatic;
				DEVELOPMENT_TEAM = 2K99MAJ5SH;
				INFOPLIST_FILE = FlashCardsTests/Info.plist;
				IPHONEOS_DEPLOYMENT_TARGET = 14.5;
				LD_RUNPATH_SEARCH_PATHS = (
					"$(inherited)",
					"@executable_path/Frameworks",
					"@loader_path/Frameworks",
				);
				PRODUCT_BUNDLE_IDENTIFIER = "bubbly-boey.FlashCardsTests";
				PRODUCT_NAME = "$(TARGET_NAME)";
				SWIFT_VERSION = 5.0;
				TARGETED_DEVICE_FAMILY = "1,2";
				TEST_HOST = "$(BUILT_PRODUCTS_DIR)/FlashCards.app/FlashCards";
			};
			name = Debug;
		};
		B0D67B60264E756900EB81B5 /* Release */ = {
			isa = XCBuildConfiguration;
			buildSettings = {
				ALWAYS_EMBED_SWIFT_STANDARD_LIBRARIES = YES;
				BUNDLE_LOADER = "$(TEST_HOST)";
				CODE_SIGN_STYLE = Automatic;
				DEVELOPMENT_TEAM = 2K99MAJ5SH;
				INFOPLIST_FILE = FlashCardsTests/Info.plist;
				IPHONEOS_DEPLOYMENT_TARGET = 14.5;
				LD_RUNPATH_SEARCH_PATHS = (
					"$(inherited)",
					"@executable_path/Frameworks",
					"@loader_path/Frameworks",
				);
				PRODUCT_BUNDLE_IDENTIFIER = "bubbly-boey.FlashCardsTests";
				PRODUCT_NAME = "$(TARGET_NAME)";
				SWIFT_VERSION = 5.0;
				TARGETED_DEVICE_FAMILY = "1,2";
				TEST_HOST = "$(BUILT_PRODUCTS_DIR)/FlashCards.app/FlashCards";
			};
			name = Release;
		};
		B0D67B62264E756900EB81B5 /* Debug */ = {
			isa = XCBuildConfiguration;
			buildSettings = {
				ALWAYS_EMBED_SWIFT_STANDARD_LIBRARIES = YES;
				CODE_SIGN_STYLE = Automatic;
				DEVELOPMENT_TEAM = 2K99MAJ5SH;
				INFOPLIST_FILE = FlashCardsUITests/Info.plist;
				LD_RUNPATH_SEARCH_PATHS = (
					"$(inherited)",
					"@executable_path/Frameworks",
					"@loader_path/Frameworks",
				);
				PRODUCT_BUNDLE_IDENTIFIER = "bubbly-boey.FlashCardsUITests";
				PRODUCT_NAME = "$(TARGET_NAME)";
				SWIFT_VERSION = 5.0;
				TARGETED_DEVICE_FAMILY = "1,2";
				TEST_TARGET_NAME = FlashCards;
			};
			name = Debug;
		};
		B0D67B63264E756900EB81B5 /* Release */ = {
			isa = XCBuildConfiguration;
			buildSettings = {
				ALWAYS_EMBED_SWIFT_STANDARD_LIBRARIES = YES;
				CODE_SIGN_STYLE = Automatic;
				DEVELOPMENT_TEAM = 2K99MAJ5SH;
				INFOPLIST_FILE = FlashCardsUITests/Info.plist;
				LD_RUNPATH_SEARCH_PATHS = (
					"$(inherited)",
					"@executable_path/Frameworks",
					"@loader_path/Frameworks",
				);
				PRODUCT_BUNDLE_IDENTIFIER = "bubbly-boey.FlashCardsUITests";
				PRODUCT_NAME = "$(TARGET_NAME)";
				SWIFT_VERSION = 5.0;
				TARGETED_DEVICE_FAMILY = "1,2";
				TEST_TARGET_NAME = FlashCards;
			};
			name = Release;
		};
/* End XCBuildConfiguration section */

/* Begin XCConfigurationList section */
		B0D67B29264E756700EB81B5 /* Build configuration list for PBXProject "FlashCards" */ = {
			isa = XCConfigurationList;
			buildConfigurations = (
				B0D67B59264E756900EB81B5 /* Debug */,
				B0D67B5A264E756900EB81B5 /* Release */,
			);
			defaultConfigurationIsVisible = 0;
			defaultConfigurationName = Release;
		};
		B0D67B5B264E756900EB81B5 /* Build configuration list for PBXNativeTarget "FlashCards" */ = {
			isa = XCConfigurationList;
			buildConfigurations = (
				B0D67B5C264E756900EB81B5 /* Debug */,
				B0D67B5D264E756900EB81B5 /* Release */,
			);
			defaultConfigurationIsVisible = 0;
			defaultConfigurationName = Release;
		};
		B0D67B5E264E756900EB81B5 /* Build configuration list for PBXNativeTarget "FlashCardsTests" */ = {
			isa = XCConfigurationList;
			buildConfigurations = (
				B0D67B5F264E756900EB81B5 /* Debug */,
				B0D67B60264E756900EB81B5 /* Release */,
			);
			defaultConfigurationIsVisible = 0;
			defaultConfigurationName = Release;
		};
		B0D67B61264E756900EB81B5 /* Build configuration list for PBXNativeTarget "FlashCardsUITests" */ = {
			isa = XCConfigurationList;
			buildConfigurations = (
				B0D67B62264E756900EB81B5 /* Debug */,
				B0D67B63264E756900EB81B5 /* Release */,
			);
			defaultConfigurationIsVisible = 0;
			defaultConfigurationName = Release;
		};
/* End XCConfigurationList section */

/* Begin XCVersionGroup section */
		B0D67B3A264E756700EB81B5 /* FlashCards.xcdatamodeld */ = {
			isa = XCVersionGroup;
			children = (
				B0D67B3B264E756700EB81B5 /* FlashCards.xcdatamodel */,
			);
			currentVersion = B0D67B3B264E756700EB81B5 /* FlashCards.xcdatamodel */;
			path = FlashCards.xcdatamodeld;
			sourceTree = "<group>";
			versionGroupType = wrapper.xcdatamodel;
		};
/* End XCVersionGroup section */
	};
	rootObject = B0D67B26264E756700EB81B5 /* Project object */;
}
